
Microsoft Visual Studio Solution File, Format Version 12.00
# Visual Studio Version 17
VisualStudioVersion = 17.2.32616.157
MinimumVisualStudioVersion = 10.0.40219.1
Project("{8BC9CEB8-8B4A-11D0-8D11-00A0C91BC942}") = "Task_1", "Task_1.vcxproj", "{68CBE3E2-E495-4927-8D64-38BCEAE082A4}"
EndProject
Global
	GlobalSection(SolutionConfigurationPlatforms) = preSolution
		Debug|x64 = Debug|x64
		Debug|x86 = Debug|x86
		Release|x64 = Release|x64
		Release|x86 = Release|x86
	EndGlobalSection
	GlobalSection(ProjectConfigurationPlatforms) = postSolution
		{68CBE3E2-E495-4927-8D64-38BCEAE082A4}.Debug|x64.ActiveCfg = Debug|x64
		{68CBE3E2-E495-4927-8D64-38BCEAE082A4}.Debug|x64.Build.0 = Debug|x64
		{68CBE3E2-E495-4927-8D64-38BCEAE082A4}.Debug|x86.ActiveCfg = Debug|Win32
		{68CBE3E2-E495-4927-8D64-38BCEAE082A4}.Debug|x86.Build.0 = Debug|Win32
		{68CBE3E2-E495-4927-8D64-38BCEAE082A4}.Release|x64.ActiveCfg = Release|x64
		{68CBE3E2-E495-4927-8D64-38BCEAE082A4}.Release|x64.Build.0 = Release|x64
		{68CBE3E2-E495-4927-8D64-38BCEAE082A4}.Release|x86.ActiveCfg = Release|Win32
		{68CBE3E2-E495-4927-8D64-38BCEAE082A4}.Release|x86.Build.0 = Release|Win32
	EndGlobalSection
	GlobalSection(SolutionProperties) = preSolution
		HideSolutionNode = FALSE
	EndGlobalSection
	GlobalSection(ExtensibilityGlobals) = postSolution
		SolutionGuid = {7EE4F725-F657-4DB8-896B-0D3C58A4B075}
	EndGlobalSection
EndGlobal
